// !$*UTF8*$!
{
	archiveVersion = 1;
	classes = {
	};
	objectVersion = 55;
	objects = {

/* Begin PBXBuildFile section */
		F23691A42760C0FB00240E0F /* LeaderboardView.swift in Sources */ = {isa = PBXBuildFile; fileRef = F23691A32760C0FB00240E0F /* LeaderboardView.swift */; };
		F237490B274E855400FF7BF3 /* TextViews.swift in Sources */ = {isa = PBXBuildFile; fileRef = F237490A274E855400FF7BF3 /* TextViews.swift */; };
		F237490D274E97F200FF7BF3 /* Shapes.swift in Sources */ = {isa = PBXBuildFile; fileRef = F237490C274E97F200FF7BF3 /* Shapes.swift */; };
		F237490F274E9D6E00FF7BF3 /* RoundViews.swift in Sources */ = {isa = PBXBuildFile; fileRef = F237490E274E9D6E00FF7BF3 /* RoundViews.swift */; };
		F2374911274EA9E200FF7BF3 /* BackgroundView.swift in Sources */ = {isa = PBXBuildFile; fileRef = F2374910274EA9E200FF7BF3 /* BackgroundView.swift */; };
		F29DCA7D274F5CCE00690974 /* Game.swift in Sources */ = {isa = PBXBuildFile; fileRef = F2E3F4442726E41E00795B50 /* Game.swift */; };
		F2A60238275FAF4D00A8F3A6 /* PointsView.swift in Sources */ = {isa = PBXBuildFile; fileRef = F2A60237275FAF4D00A8F3A6 /* PointsView.swift */; };
		F2A6023A275FBD4200A8F3A6 /* Constants.swift in Sources */ = {isa = PBXBuildFile; fileRef = F2A60239275FBD4200A8F3A6 /* Constants.swift */; };
		F2B3B4FA2728056200111512 /* BullseyeTests.swift in Sources */ = {isa = PBXBuildFile; fileRef = F2B3B4F92728056200111512 /* BullseyeTests.swift */; };
		F2E3F4342726E18A00795B50 /* BullseyeApp.swift in Sources */ = {isa = PBXBuildFile; fileRef = F2E3F4332726E18A00795B50 /* BullseyeApp.swift */; };
		F2E3F4362726E18A00795B50 /* ContentView.swift in Sources */ = {isa = PBXBuildFile; fileRef = F2E3F4352726E18A00795B50 /* ContentView.swift */; };
		F2E3F4382726E18C00795B50 /* Assets.xcassets in Resources */ = {isa = PBXBuildFile; fileRef = F2E3F4372726E18C00795B50 /* Assets.xcassets */; };
		F2E3F43B2726E18C00795B50 /* Preview Assets.xcassets in Resources */ = {isa = PBXBuildFile; fileRef = F2E3F43A2726E18C00795B50 /* Preview Assets.xcassets */; };
		F2E3F4452726E41E00795B50 /* Game.swift in Sources */ = {isa = PBXBuildFile; fileRef = F2E3F4442726E41E00795B50 /* Game.swift */; };
/* End PBXBuildFile section */

/* Begin PBXContainerItemProxy section */
		F2B3B4FB2728056200111512 /* PBXContainerItemProxy */ = {
			isa = PBXContainerItemProxy;
			containerPortal = F2E3F4282726E18A00795B50 /* Project object */;
			proxyType = 1;
			remoteGlobalIDString = F2E3F42F2726E18A00795B50;
			remoteInfo = Bullseye;
		};
/* End PBXContainerItemProxy section */

/* Begin PBXFileReference section */
		F23691A32760C0FB00240E0F /* LeaderboardView.swift */ = {isa = PBXFileReference; fileEncoding = 4; lastKnownFileType = sourcecode.swift; path = LeaderboardView.swift; sourceTree = "<group>"; };
		F237490A274E855400FF7BF3 /* TextViews.swift */ = {isa = PBXFileReference; lastKnownFileType = sourcecode.swift; path = TextViews.swift; sourceTree = "<group>"; };
		F237490C274E97F200FF7BF3 /* Shapes.swift */ = {isa = PBXFileReference; lastKnownFileType = sourcecode.swift; path = Shapes.swift; sourceTree = "<group>"; };
		F237490E274E9D6E00FF7BF3 /* RoundViews.swift */ = {isa = PBXFileReference; lastKnownFileType = sourcecode.swift; path = RoundViews.swift; sourceTree = "<group>"; };
		F2374910274EA9E200FF7BF3 /* BackgroundView.swift */ = {isa = PBXFileReference; lastKnownFileType = sourcecode.swift; path = BackgroundView.swift; sourceTree = "<group>"; };
		F2A60237275FAF4D00A8F3A6 /* PointsView.swift */ = {isa = PBXFileReference; lastKnownFileType = sourcecode.swift; path = PointsView.swift; sourceTree = "<group>"; };
		F2A60239275FBD4200A8F3A6 /* Constants.swift */ = {isa = PBXFileReference; lastKnownFileType = sourcecode.swift; path = Constants.swift; sourceTree = "<group>"; };
		F2B3B4F72728056200111512 /* BullseyeTests.xctest */ = {isa = PBXFileReference; explicitFileType = wrapper.cfbundle; includeInIndex = 0; path = BullseyeTests.xctest; sourceTree = BUILT_PRODUCTS_DIR; };
		F2B3B4F92728056200111512 /* BullseyeTests.swift */ = {isa = PBXFileReference; lastKnownFileType = sourcecode.swift; path = BullseyeTests.swift; sourceTree = "<group>"; };
		F2E3F4302726E18A00795B50 /* Bullseye.app */ = {isa = PBXFileReference; explicitFileType = wrapper.application; includeInIndex = 0; path = Bullseye.app; sourceTree = BUILT_PRODUCTS_DIR; };
		F2E3F4332726E18A00795B50 /* BullseyeApp.swift */ = {isa = PBXFileReference; lastKnownFileType = sourcecode.swift; path = BullseyeApp.swift; sourceTree = "<group>"; };
		F2E3F4352726E18A00795B50 /* ContentView.swift */ = {isa = PBXFileReference; lastKnownFileType = sourcecode.swift; path = ContentView.swift; sourceTree = "<group>"; };
		F2E3F4372726E18C00795B50 /* Assets.xcassets */ = {isa = PBXFileReference; lastKnownFileType = folder.assetcatalog; path = Assets.xcassets; sourceTree = "<group>"; };
		F2E3F43A2726E18C00795B50 /* Preview Assets.xcassets */ = {isa = PBXFileReference; lastKnownFileType = folder.assetcatalog; path = "Preview Assets.xcassets"; sourceTree = "<group>"; };
		F2E3F4442726E41E00795B50 /* Game.swift */ = {isa = PBXFileReference; lastKnownFileType = sourcecode.swift; path = Game.swift; sourceTree = "<group>"; };
/* End PBXFileReference section */

/* Begin PBXFrameworksBuildPhase section */
		F2B3B4F42728056200111512 /* Frameworks */ = {
			isa = PBXFrameworksBuildPhase;
			buildActionMask = 2147483647;
			files = (
			);
			runOnlyForDeploymentPostprocessing = 0;
		};
		F2E3F42D2726E18A00795B50 /* Frameworks */ = {
			isa = PBXFrameworksBuildPhase;
			buildActionMask = 2147483647;
			files = (
			);
			runOnlyForDeploymentPostprocessing = 0;
		};
/* End PBXFrameworksBuildPhase section */

/* Begin PBXGroup section */
		F2B3B4F82728056200111512 /* BullseyeTests */ = {
			isa = PBXGroup;
			children = (
				F2B3B4F92728056200111512 /* BullseyeTests.swift */,
			);
			path = BullseyeTests;
			sourceTree = "<group>";
		};
		F2E3F4272726E18A00795B50 = {
			isa = PBXGroup;
			children = (
				F2E3F4322726E18A00795B50 /* Bullseye */,
				F2B3B4F82728056200111512 /* BullseyeTests */,
				F2E3F4312726E18A00795B50 /* Products */,
			);
			sourceTree = "<group>";
		};
		F2E3F4312726E18A00795B50 /* Products */ = {
			isa = PBXGroup;
			children = (
				F2E3F4302726E18A00795B50 /* Bullseye.app */,
				F2B3B4F72728056200111512 /* BullseyeTests.xctest */,
			);
			name = Products;
			sourceTree = "<group>";
		};
		F2E3F4322726E18A00795B50 /* Bullseye */ = {
			isa = PBXGroup;
			children = (
				F2E3F4432726E1D300795B50 /* App */,
				F2E3F4412726E1BD00795B50 /* Models */,
				F2E3F4422726E1CA00795B50 /* Views */,
				F2E3F4392726E18C00795B50 /* Preview Content */,
			);
			path = Bullseye;
			sourceTree = "<group>";
		};
		F2E3F4392726E18C00795B50 /* Preview Content */ = {
			isa = PBXGroup;
			children = (
				F2E3F43A2726E18C00795B50 /* Preview Assets.xcassets */,
			);
			path = "Preview Content";
			sourceTree = "<group>";
		};
		F2E3F4412726E1BD00795B50 /* Models */ = {
			isa = PBXGroup;
			children = (
				F2A60239275FBD4200A8F3A6 /* Constants.swift */,
				F2E3F4442726E41E00795B50 /* Game.swift */,
			);
			path = Models;
			sourceTree = "<group>";
		};
		F2E3F4422726E1CA00795B50 /* Views */ = {
			isa = PBXGroup;
			children = (
				F2374910274EA9E200FF7BF3 /* BackgroundView.swift */,
				F2E3F4352726E18A00795B50 /* ContentView.swift */,
				F23691A32760C0FB00240E0F /* LeaderboardView.swift */,
				F2A60237275FAF4D00A8F3A6 /* PointsView.swift */,
				F237490E274E9D6E00FF7BF3 /* RoundViews.swift */,
				F237490C274E97F200FF7BF3 /* Shapes.swift */,
				F237490A274E855400FF7BF3 /* TextViews.swift */,
			);
			path = Views;
			sourceTree = "<group>";
		};
		F2E3F4432726E1D300795B50 /* App */ = {
			isa = PBXGroup;
			children = (
				F2E3F4372726E18C00795B50 /* Assets.xcassets */,
				F2E3F4332726E18A00795B50 /* BullseyeApp.swift */,
			);
			path = App;
			sourceTree = "<group>";
		};
/* End PBXGroup section */

/* Begin PBXNativeTarget section */
		F2B3B4F62728056200111512 /* BullseyeTests */ = {
			isa = PBXNativeTarget;
			buildConfigurationList = F2B3B4FF2728056200111512 /* Build configuration list for PBXNativeTarget "BullseyeTests" */;
			buildPhases = (
				F2B3B4F32728056200111512 /* Sources */,
				F2B3B4F42728056200111512 /* Frameworks */,
				F2B3B4F52728056200111512 /* Resources */,
			);
			buildRules = (
			);
			dependencies = (
				F2B3B4FC2728056200111512 /* PBXTargetDependency */,
			);
			name = BullseyeTests;
			productName = BullseyeTests;
			productReference = F2B3B4F72728056200111512 /* BullseyeTests.xctest */;
			productType = "com.apple.product-type.bundle.unit-test";
		};
		F2E3F42F2726E18A00795B50 /* Bullseye */ = {
			isa = PBXNativeTarget;
			buildConfigurationList = F2E3F43E2726E18C00795B50 /* Build configuration list for PBXNativeTarget "Bullseye" */;
			buildPhases = (
				F2E3F42C2726E18A00795B50 /* Sources */,
				F2E3F42D2726E18A00795B50 /* Frameworks */,
				F2E3F42E2726E18A00795B50 /* Resources */,
			);
			buildRules = (
			);
			dependencies = (
			);
			name = Bullseye;
			productName = Bullseye;
			productReference = F2E3F4302726E18A00795B50 /* Bullseye.app */;
			productType = "com.apple.product-type.application";
		};
/* End PBXNativeTarget section */

/* Begin PBXProject section */
		F2E3F4282726E18A00795B50 /* Project object */ = {
			isa = PBXProject;
			attributes = {
				BuildIndependentTargetsInParallel = 1;
				LastSwiftUpdateCheck = 1300;
				LastUpgradeCheck = 1300;
				TargetAttributes = {
					F2B3B4F62728056200111512 = {
						CreatedOnToolsVersion = 13.0;
						TestTargetID = F2E3F42F2726E18A00795B50;
					};
					F2E3F42F2726E18A00795B50 = {
						CreatedOnToolsVersion = 13.0;
					};
				};
			};
			buildConfigurationList = F2E3F42B2726E18A00795B50 /* Build configuration list for PBXProject "Bullseye" */;
			compatibilityVersion = "Xcode 13.0";
			developmentRegion = en;
			hasScannedForEncodings = 0;
			knownRegions = (
				en,
				Base,
			);
			mainGroup = F2E3F4272726E18A00795B50;
			productRefGroup = F2E3F4312726E18A00795B50 /* Products */;
			projectDirPath = "";
			projectRoot = "";
			targets = (
				F2E3F42F2726E18A00795B50 /* Bullseye */,
				F2B3B4F62728056200111512 /* BullseyeTests */,
			);
		};
/* End PBXProject section */

/* Begin PBXResourcesBuildPhase section */
		F2B3B4F52728056200111512 /* Resources */ = {
			isa = PBXResourcesBuildPhase;
			buildActionMask = 2147483647;
			files = (
			);
			runOnlyForDeploymentPostprocessing = 0;
		};
		F2E3F42E2726E18A00795B50 /* Resources */ = {
			isa = PBXResourcesBuildPhase;
			buildActionMask = 2147483647;
			files = (
				F2E3F43B2726E18C00795B50 /* Preview Assets.xcassets in Resources */,
				F2E3F4382726E18C00795B50 /* Assets.xcassets in Resources */,
			);
			runOnlyForDeploymentPostprocessing = 0;
		};
/* End PBXResourcesBuildPhase section */

/* Begin PBXSourcesBuildPhase section */
		F2B3B4F32728056200111512 /* Sources */ = {
			isa = PBXSourcesBuildPhase;
			buildActionMask = 2147483647;
			files = (
				F2B3B4FA2728056200111512 /* BullseyeTests.swift in Sources */,
				F29DCA7D274F5CCE00690974 /* Game.swift in Sources */,
			);
			runOnlyForDeploymentPostprocessing = 0;
		};
		F2E3F42C2726E18A00795B50 /* Sources */ = {
			isa = PBXSourcesBuildPhase;
			buildActionMask = 2147483647;
			files = (
				F23691A42760C0FB00240E0F /* LeaderboardView.swift in Sources */,
				F2E3F4362726E18A00795B50 /* ContentView.swift in Sources */,
				F237490B274E855400FF7BF3 /* TextViews.swift in Sources */,
				F237490D274E97F200FF7BF3 /* Shapes.swift in Sources */,
				F2A60238275FAF4D00A8F3A6 /* PointsView.swift in Sources */,
				F2374911274EA9E200FF7BF3 /* BackgroundView.swift in Sources */,
				F2E3F4452726E41E00795B50 /* Game.swift in Sources */,
				F2A6023A275FBD4200A8F3A6 /* Constants.swift in Sources */,
				F2E3F4342726E18A00795B50 /* BullseyeApp.swift in Sources */,
				F237490F274E9D6E00FF7BF3 /* RoundViews.swift in Sources */,
			);
			runOnlyForDeploymentPostprocessing = 0;
		};
/* End PBXSourcesBuildPhase section */

/* Begin PBXTargetDependency section */
		F2B3B4FC2728056200111512 /* PBXTargetDependency */ = {
			isa = PBXTargetDependency;
			target = F2E3F42F2726E18A00795B50 /* Bullseye */;
			targetProxy = F2B3B4FB2728056200111512 /* PBXContainerItemProxy */;
		};
/* End PBXTargetDependency section */

/* Begin XCBuildConfiguration section */
		F2B3B4FD2728056200111512 /* Debug */ = {
			isa = XCBuildConfiguration;
			buildSettings = {
				BUNDLE_LOADER = "$(TEST_HOST)";
				CODE_SIGN_STYLE = Automatic;
				CURRENT_PROJECT_VERSION = 1;
				DEVELOPMENT_TEAM = MK2G948UD9;
				GENERATE_INFOPLIST_FILE = YES;
				LD_RUNPATH_SEARCH_PATHS = (
					"$(inherited)",
					"@executable_path/Frameworks",
					"@loader_path/Frameworks",
				);
				MARKETING_VERSION = 1.0;
				PRODUCT_BUNDLE_IDENTIFIER = hello.BullseyeTests;
				PRODUCT_NAME = "$(TARGET_NAME)";
				SWIFT_EMIT_LOC_STRINGS = NO;
				SWIFT_VERSION = 5.0;
				TARGETED_DEVICE_FAMILY = "1,2";
				TEST_HOST = "$(BUILT_PRODUCTS_DIR)/Bullseye.app/Bullseye";
			};
			name = Debug;
		};
		F2B3B4FE2728056200111512 /* Release */ = {
			isa = XCBuildConfiguration;
			buildSettings = {
				BUNDLE_LOADER = "$(TEST_HOST)";
				CODE_SIGN_STYLE = Automatic;
				CURRENT_PROJECT_VERSION = 1;
				DEVELOPMENT_TEAM = MK2G948UD9;
				GENERATE_INFOPLIST_FILE = YES;
				LD_RUNPATH_SEARCH_PATHS = (
					"$(inherited)",
					"@executable_path/Frameworks",
					"@loader_path/Frameworks",
				);
				MARKETING_VERSION = 1.0;
				PRODUCT_BUNDLE_IDENTIFIER = hello.BullseyeTests;
				PRODUCT_NAME = "$(TARGET_NAME)";
				SWIFT_EMIT_LOC_STRINGS = NO;
				SWIFT_VERSION = 5.0;
				TARGETED_DEVICE_FAMILY = "1,2";
				TEST_HOST = "$(BUILT_PRODUCTS_DIR)/Bullseye.app/Bullseye";
			};
			name = Release;
		};
		F2E3F43C2726E18C00795B50 /* Debug */ = {
			isa = XCBuildConfiguration;
			buildSettings = {
				ALWAYS_SEARCH_USER_PATHS = NO;
				CLANG_ANALYZER_NONNULL = YES;
				CLANG_ANALYZER_NUMBER_OBJECT_CONVERSION = YES_AGGRESSIVE;
				CLANG_CXX_LANGUAGE_STANDARD = "gnu++17";
				CLANG_CXX_LIBRARY = "libc++";
				CLANG_ENABLE_MODULES = YES;
				CLANG_ENABLE_OBJC_ARC = YES;
				CLANG_ENABLE_OBJC_WEAK = YES;
				CLANG_WARN_BLOCK_CAPTURE_AUTORELEASING = YES;
				CLANG_WARN_BOOL_CONVERSION = YES;
				CLANG_WARN_COMMA = YES;
				CLANG_WARN_CONSTANT_CONVERSION = YES;
				CLANG_WARN_DEPRECATED_OBJC_IMPLEMENTATIONS = YES;
				CLANG_WARN_DIRECT_OBJC_ISA_USAGE = YES_ERROR;
				CLANG_WARN_DOCUMENTATION_COMMENTS = YES;
				CLANG_WARN_EMPTY_BODY = YES;
				CLANG_WARN_ENUM_CONVERSION = YES;
				CLANG_WARN_INFINITE_RECURSION = YES;
				CLANG_WARN_INT_CONVERSION = YES;
				CLANG_WARN_NON_LITERAL_NULL_CONVERSION = YES;
				CLANG_WARN_OBJC_IMPLICIT_RETAIN_SELF = YES;
				CLANG_WARN_OBJC_LITERAL_CONVERSION = YES;
				CLANG_WARN_OBJC_ROOT_CLASS = YES_ERROR;
				CLANG_WARN_QUOTED_INCLUDE_IN_FRAMEWORK_HEADER = YES;
				CLANG_WARN_RANGE_LOOP_ANALYSIS = YES;
				CLANG_WARN_STRICT_PROTOTYPES = YES;
				CLANG_WARN_SUSPICIOUS_MOVE = YES;
				CLANG_WARN_UNGUARDED_AVAILABILITY = YES_AGGRESSIVE;
				CLANG_WARN_UNREACHABLE_CODE = YES;
				CLANG_WARN__DUPLICATE_METHOD_MATCH = YES;
				COPY_PHASE_STRIP = NO;
				DEBUG_INFORMATION_FORMAT = dwarf;
				ENABLE_STRICT_OBJC_MSGSEND = YES;
				ENABLE_TESTABILITY = YES;
				GCC_C_LANGUAGE_STANDARD = gnu11;
				GCC_DYNAMIC_NO_PIC = NO;
				GCC_NO_COMMON_BLOCKS = YES;
				GCC_OPTIMIZATION_LEVEL = 0;
				GCC_PREPROCESSOR_DEFINITIONS = (
					"DEBUG=1",
					"$(inherited)",
				);
				GCC_WARN_64_TO_32_BIT_CONVERSION = YES;
				GCC_WARN_ABOUT_RETURN_TYPE = YES_ERROR;
				GCC_WARN_UNDECLARED_SELECTOR = YES;
				GCC_WARN_UNINITIALIZED_AUTOS = YES_AGGRESSIVE;
				GCC_WARN_UNUSED_FUNCTION = YES;
				GCC_WARN_UNUSED_VARIABLE = YES;
				IPHONEOS_DEPLOYMENT_TARGET = 15.0;
				MTL_ENABLE_DEBUG_INFO = INCLUDE_SOURCE;
				MTL_FAST_MATH = YES;
				ONLY_ACTIVE_ARCH = YES;
				SDKROOT = iphoneos;
				SWIFT_ACTIVE_COMPILATION_CONDITIONS = DEBUG;
				SWIFT_OPTIMIZATION_LEVEL = "-Onone";
			};
			name = Debug;
		};
		F2E3F43D2726E18C00795B50 /* Release */ = {
			isa = XCBuildConfiguration;
			buildSettings = {
				ALWAYS_SEARCH_USER_PATHS = NO;
				CLANG_ANALYZER_NONNULL = YES;
				CLANG_ANALYZER_NUMBER_OBJECT_CONVERSION = YES_AGGRESSIVE;
				CLANG_CXX_LANGUAGE_STANDARD = "gnu++17";
				CLANG_CXX_LIBRARY = "libc++";
				CLANG_ENABLE_MODULES = YES;
				CLANG_ENABLE_OBJC_ARC = YES;
				CLANG_ENABLE_OBJC_WEAK = YES;
				CLANG_WARN_BLOCK_CAPTURE_AUTORELEASING = YES;
				CLANG_WARN_BOOL_CONVERSION = YES;
				CLANG_WARN_COMMA = YES;
				CLANG_WARN_CONSTANT_CONVERSION = YES;
				CLANG_WARN_DEPRECATED_OBJC_IMPLEMENTATIONS = YES;
				CLANG_WARN_DIRECT_OBJC_ISA_USAGE = YES_ERROR;
				CLANG_WARN_DOCUMENTATION_COMMENTS = YES;
				CLANG_WARN_EMPTY_BODY = YES;
				CLANG_WARN_ENUM_CONVERSION = YES;
				CLANG_WARN_INFINITE_RECURSION = YES;
				CLANG_WARN_INT_CONVERSION = YES;
				CLANG_WARN_NON_LITERAL_NULL_CONVERSION = YES;
				CLANG_WARN_OBJC_IMPLICIT_RETAIN_SELF = YES;
				CLANG_WARN_OBJC_LITERAL_CONVERSION = YES;
				CLANG_WARN_OBJC_ROOT_CLASS = YES_ERROR;
				CLANG_WARN_QUOTED_INCLUDE_IN_FRAMEWORK_HEADER = YES;
				CLANG_WARN_RANGE_LOOP_ANALYSIS = YES;
				CLANG_WARN_STRICT_PROTOTYPES = YES;
				CLANG_WARN_SUSPICIOUS_MOVE = YES;
				CLANG_WARN_UNGUARDED_AVAILABILITY = YES_AGGRESSIVE;
				CLANG_WARN_UNREACHABLE_CODE = YES;
				CLANG_WARN__DUPLICATE_METHOD_MATCH = YES;
				COPY_PHASE_STRIP = NO;
				DEBUG_INFORMATION_FORMAT = "dwarf-with-dsym";
				ENABLE_NS_ASSERTIONS = NO;
				ENABLE_STRICT_OBJC_MSGSEND = YES;
				GCC_C_LANGUAGE_STANDARD = gnu11;
				GCC_NO_COMMON_BLOCKS = YES;
				GCC_WARN_64_TO_32_BIT_CONVERSION = YES;
				GCC_WARN_ABOUT_RETURN_TYPE = YES_ERROR;
				GCC_WARN_UNDECLARED_SELECTOR = YES;
				GCC_WARN_UNINITIALIZED_AUTOS = YES_AGGRESSIVE;
				GCC_WARN_UNUSED_FUNCTION = YES;
				GCC_WARN_UNUSED_VARIABLE = YES;
				IPHONEOS_DEPLOYMENT_TARGET = 15.0;
				MTL_ENABLE_DEBUG_INFO = NO;
				MTL_FAST_MATH = YES;
				SDKROOT = iphoneos;
				SWIFT_COMPILATION_MODE = wholemodule;
				SWIFT_OPTIMIZATION_LEVEL = "-O";
				VALIDATE_PRODUCT = YES;
			};
			name = Release;
		};
		F2E3F43F2726E18C00795B50 /* Debug */ = {
			isa = XCBuildConfiguration;
			buildSettings = {
				ASSETCATALOG_COMPILER_APPICON_NAME = AppIcon;
				ASSETCATALOG_COMPILER_GLOBAL_ACCENT_COLOR_NAME = AccentColor;
				CODE_SIGN_STYLE = Automatic;
				CURRENT_PROJECT_VERSION = 1;
				DEVELOPMENT_ASSET_PATHS = "\"Bullseye/Preview Content\"";
				DEVELOPMENT_TEAM = MK2G948UD9;
				ENABLE_PREVIEWS = YES;
				GENERATE_INFOPLIST_FILE = YES;
				INFOPLIST_KEY_UIApplicationSceneManifest_Generation = YES;
				INFOPLIST_KEY_UIApplicationSupportsIndirectInputEvents = YES;
				INFOPLIST_KEY_UILaunchScreen_Generation = YES;
				INFOPLIST_KEY_UISupportedInterfaceOrientations = "UIInterfaceOrientationLandscapeRight UIInterfaceOrientationLandscapeLeft UIInterfaceOrientationPortrait";
				INFOPLIST_KEY_UISupportedInterfaceOrientations_iPad = "UIInterfaceOrientationPortrait UIInterfaceOrientationPortraitUpsideDown UIInterfaceOrientationLandscapeLeft UIInterfaceOrientationLandscapeRight";
				INFOPLIST_KEY_UISupportedInterfaceOrientations_iPhone = "UIInterfaceOrientationPortrait UIInterfaceOrientationLandscapeLeft UIInterfaceOrientationLandscapeRight";
				IPHONEOS_DEPLOYMENT_TARGET = 14.0;
				LD_RUNPATH_SEARCH_PATHS = (
					"$(inherited)",
					"@executable_path/Frameworks",
				);
				MARKETING_VERSION = 1.0;
				PRODUCT_BUNDLE_IDENTIFIER = hello.Bullseye;
				PRODUCT_NAME = Bullseye;
				SWIFT_EMIT_LOC_STRINGS = YES;
				SWIFT_VERSION = 5.0;
				TARGETED_DEVICE_FAMILY = "1,2";
			};
			name = Debug;
		};
		F2E3F4402726E18C00795B50 /* Release */ = {
			isa = XCBuildConfiguration;
			buildSettings = {
				ASSETCATALOG_COMPILER_APPICON_NAME = AppIcon;
				ASSETCATALOG_COMPILER_GLOBAL_ACCENT_COLOR_NAME = AccentColor;
				CODE_SIGN_STYLE = Automatic;
				CURRENT_PROJECT_VERSION = 1;
				DEVELOPMENT_ASSET_PATHS = "\"Bullseye/Preview Content\"";
				DEVELOPMENT_TEAM = MK2G948UD9;
				ENABLE_PREVIEWS = YES;
				GENERATE_INFOPLIST_FILE = YES;
				INFOPLIST_KEY_UIApplicationSceneManifest_Generation = YES;
				INFOPLIST_KEY_UIApplicationSupportsIndirectInputEvents = YES;
				INFOPLIST_KEY_UILaunchScreen_Generation = YES;
				INFOPLIST_KEY_UISupportedInterfaceOrientations = "UIInterfaceOrientationLandscapeRight UIInterfaceOrientationLandscapeLeft UIInterfaceOrientationPortrait";
				INFOPLIST_KEY_UISupportedInterfaceOrientations_iPad = "UIInterfaceOrientationPortrait UIInterfaceOrientationPortraitUpsideDown UIInterfaceOrientationLandscapeLeft UIInterfaceOrientationLandscapeRight";
				INFOPLIST_KEY_UISupportedInterfaceOrientations_iPhone = "UIInterfaceOrientationPortrait UIInterfaceOrientationLandscapeLeft UIInterfaceOrientationLandscapeRight";
				IPHONEOS_DEPLOYMENT_TARGET = 14.0;
				LD_RUNPATH_SEARCH_PATHS = (
					"$(inherited)",
					"@executable_path/Frameworks",
				);
				MARKETING_VERSION = 1.0;
				PRODUCT_BUNDLE_IDENTIFIER = hello.Bullseye;
				PRODUCT_NAME = Bullseye;
				SWIFT_EMIT_LOC_STRINGS = YES;
				SWIFT_VERSION = 5.0;
				TARGETED_DEVICE_FAMILY = "1,2";
			};
			name = Release;
		};
/* End XCBuildConfiguration section */

/* Begin XCConfigurationList section */
		F2B3B4FF2728056200111512 /* Build configuration list for PBXNativeTarget "BullseyeTests" */ = {
			isa = XCConfigurationList;
			buildConfigurations = (
				F2B3B4FD2728056200111512 /* Debug */,
				F2B3B4FE2728056200111512 /* Release */,
			);
			defaultConfigurationIsVisible = 0;
			defaultConfigurationName = Release;
		};
		F2E3F42B2726E18A00795B50 /* Build configuration list for PBXProject "Bullseye" */ = {
			isa = XCConfigurationList;
			buildConfigurations = (
				F2E3F43C2726E18C00795B50 /* Debug */,
				F2E3F43D2726E18C00795B50 /* Release */,
			);
			defaultConfigurationIsVisible = 0;
			defaultConfigurationName = Release;
		};
		F2E3F43E2726E18C00795B50 /* Build configuration list for PBXNativeTarget "Bullseye" */ = {
			isa = XCConfigurationList;
			buildConfigurations = (
				F2E3F43F2726E18C00795B50 /* Debug */,
				F2E3F4402726E18C00795B50 /* Release */,
			);
			defaultConfigurationIsVisible = 0;
			defaultConfigurationName = Release;
		};
/* End XCConfigurationList section */
	};
	rootObject = F2E3F4282726E18A00795B50 /* Project object */;
}
